# This file is autogenerated, do not edit; changes may be undone by the next 'dep ensure'.


[[projects]]
  digest = "1:6f9339c912bbdda81302633ad7e99a28dfa5a639c864061f1929510a9a64aa74"
  name = "github.com/dustin/go-humanize"
  packages = ["."]
  pruneopts = "UT"
  revision = "9f541cc9db5d55bce703bd99987c9d5cb8eea45e"
  version = "v1.0.0"

[[projects]]
  digest = "1:79e87abf06b873987dee86598950f5b51732ac454d5a5cab6445a14330e6c9e3"
  name = "github.com/mattn/go-sqlite3"
  packages = ["."]
  pruneopts = "UT"
  revision = "b612a2feea6aa87c6d052d9086572551df06497e"
  version = "v1.11.0"

[[projects]]
  branch = "master"
  digest = "1:d0e427bcb50cf8e0d0dda195c75ed9bb16041432e2c9e5a42beb375baff5fac0"
  name = "github.com/rustylynch/go-rpmutils"
  packages = [
    ".",
    "cpio",
    "fileutil",
  ]
  pruneopts = "UT"
  revision = "16a6be0f639218ec48113c63b4a2708e430c6e7c"

[[projects]]
  digest = "1:2643d81498e38e44bdcf480be199cac55f29e97403b0342d962824bfe9960722"
  name = "github.com/ulikunitz/xz"
  packages = [
    ".",
    "internal/hash",
    "internal/xlog",
    "lzma",
  ]
  pruneopts = "UT"
  revision = "6f934d456d51e742b4eeab20d925a827ef22320a"
  version = "v0.5.6"

[[projects]]
  branch = "master"
  digest = "1:50804d40964a0c59170e827824e79bbf810cc10ae57603d8facce8a1f48f9a83"
  name = "golang.org/x/crypto"
  packages = [
    "cast5",
    "openpgp",
    "openpgp/armor",
    "openpgp/elgamal",
    "openpgp/errors",
    "openpgp/packet",
    "openpgp/s2k",
  ]
  pruneopts = "UT"
  revision = "227b76d455e791cb042b03e633e2f7fbcfdf74a5"

[solve-meta]
  analyzer-name = "dep"
  analyzer-version = 1
  input-imports = [
    "github.com/dustin/go-humanize",
    "github.com/mattn/go-sqlite3",
    "github.com/rustylynch/go-rpmutils",
    "github.com/ulikunitz/xz",
  ]
  solver-name = "gps-cdcl"
  solver-version = 1
